
Microsoft Visual Studio Solution File, Format Version 12.00
# Visual Studio Version 17
VisualStudioVersion = 17.14.36518.9
MinimumVisualStudioVersion = 10.0.40219.1
Project("{2150E333-8FDC-42A3-9474-1A3956D46DE8}") = "1. Distributed Services", "1. Distributed Services", "{02EA681E-C7D8-13C7-8484-4AC65E1B71E8}"
EndProject
Project("{2150E333-8FDC-42A3-9474-1A3956D46DE8}") = "2. Business", "2. Business", "{83FCECF0-8F31-41DA-9E7E-BCA0EE7F1DA5}"
EndProject
Project("{2150E333-8FDC-42A3-9474-1A3956D46DE8}") = "3. Infrastructure", "3. Infrastructure", "{444DE8F7-C48E-48C8-9D3F-7DDEEAF873F5}"
EndProject
Project("{2150E333-8FDC-42A3-9474-1A3956D46DE8}") = "4. XCutting", "4. XCutting", "{A0F530F9-7D74-40CD-8F87-8F4BE6D66089}"
EndProject
Project("{FAE04EC0-301F-11D3-BF4B-00C04F79EFBC}") = "InvoiceEF.Crud.Api", "InvoiceEF.Crud.Api\InvoiceEF.Crud.Api.csproj", "{FEB08425-97CB-41EA-B691-172899223398}"
EndProject
Project("{FAE04EC0-301F-11D3-BF4B-00C04F79EFBC}") = "InvoiceEF.Crud.Application.Services", "InvoiceEF.Crud.Application.Services\InvoiceEF.Crud.Application.Services.csproj", "{13BA796B-A31F-4F91-A71E-07F0E5568852}"
EndProject
Project("{FAE04EC0-301F-11D3-BF4B-00C04F79EFBC}") = "InvoiceEF.Crud.Infrastructure.Repositories", "InvoiceEF.Crud.Infrastructure.Repositories\InvoiceEF.Crud.Infrastructure.Repositories.csproj", "{762BB209-40C2-4265-813C-3274C0F3B608}"
EndProject
Project("{FAE04EC0-301F-11D3-BF4B-00C04F79EFBC}") = "InvoiceEF.Crud.Domain", "InvoiceEF.Crud.Domain\InvoiceEF.Crud.Domain.csproj", "{74122DDE-A633-4B08-9EC4-65018D6EBFDF}"
EndProject
Global
	GlobalSection(SolutionConfigurationPlatforms) = preSolution
		Debug|Any CPU = Debug|Any CPU
		Release|Any CPU = Release|Any CPU
	EndGlobalSection
	GlobalSection(ProjectConfigurationPlatforms) = postSolution
		{FEB08425-97CB-41EA-B691-172899223398}.Debug|Any CPU.ActiveCfg = Debug|Any CPU
		{FEB08425-97CB-41EA-B691-172899223398}.Debug|Any CPU.Build.0 = Debug|Any CPU
		{FEB08425-97CB-41EA-B691-172899223398}.Release|Any CPU.ActiveCfg = Release|Any CPU
		{FEB08425-97CB-41EA-B691-172899223398}.Release|Any CPU.Build.0 = Release|Any CPU
		{13BA796B-A31F-4F91-A71E-07F0E5568852}.Debug|Any CPU.ActiveCfg = Debug|Any CPU
		{13BA796B-A31F-4F91-A71E-07F0E5568852}.Debug|Any CPU.Build.0 = Debug|Any CPU
		{13BA796B-A31F-4F91-A71E-07F0E5568852}.Release|Any CPU.ActiveCfg = Release|Any CPU
		{13BA796B-A31F-4F91-A71E-07F0E5568852}.Release|Any CPU.Build.0 = Release|Any CPU
		{762BB209-40C2-4265-813C-3274C0F3B608}.Debug|Any CPU.ActiveCfg = Debug|Any CPU
		{762BB209-40C2-4265-813C-3274C0F3B608}.Debug|Any CPU.Build.0 = Debug|Any CPU
		{762BB209-40C2-4265-813C-3274C0F3B608}.Release|Any CPU.ActiveCfg = Release|Any CPU
		{762BB209-40C2-4265-813C-3274C0F3B608}.Release|Any CPU.Build.0 = Release|Any CPU
		{74122DDE-A633-4B08-9EC4-65018D6EBFDF}.Debug|Any CPU.ActiveCfg = Debug|Any CPU
		{74122DDE-A633-4B08-9EC4-65018D6EBFDF}.Debug|Any CPU.Build.0 = Debug|Any CPU
		{74122DDE-A633-4B08-9EC4-65018D6EBFDF}.Release|Any CPU.ActiveCfg = Release|Any CPU
		{74122DDE-A633-4B08-9EC4-65018D6EBFDF}.Release|Any CPU.Build.0 = Release|Any CPU
	EndGlobalSection
	GlobalSection(SolutionProperties) = preSolution
		HideSolutionNode = FALSE
	EndGlobalSection
	GlobalSection(NestedProjects) = preSolution
		{FEB08425-97CB-41EA-B691-172899223398} = {02EA681E-C7D8-13C7-8484-4AC65E1B71E8}
		{13BA796B-A31F-4F91-A71E-07F0E5568852} = {83FCECF0-8F31-41DA-9E7E-BCA0EE7F1DA5}
		{762BB209-40C2-4265-813C-3274C0F3B608} = {444DE8F7-C48E-48C8-9D3F-7DDEEAF873F5}
		{74122DDE-A633-4B08-9EC4-65018D6EBFDF} = {A0F530F9-7D74-40CD-8F87-8F4BE6D66089}
	EndGlobalSection
	GlobalSection(ExtensibilityGlobals) = postSolution
		SolutionGuid = {85FFA746-1526-44E3-A0CF-C3E50723FEE9}
	EndGlobalSection
EndGlobal
